{
  "name": "mork-parser",
  "lockfileVersion": 3,
  "requires": true,
  "packages": {
    "": {
      "name": "mork-parser",
      "dependencies": {
        "mork-parser": "^0.9.0"
      }
    },
    "node_modules/mork-parser": {
      "version": "0.9.0",
      "resolved": "https://registry.npmjs.org/mork-parser/-/mork-parser-0.9.0.tgz",
      "integrity": "sha512-InDCFHzrC1KueuosQwwz8X6z0Cb4foptN4n8ldeD4m4bzUBtqTYV5H9KDQhbR5pl5nKwgpKEynn/d9FTkCKPew==",
      "bin": {
        "mork2json": "bin/mork2json.js"
      }
    }
  }
}
